
Microsoft Visual Studio Solution File, Format Version 12.00
# Visual Studio Version 16
VisualStudioVersion = 16.0.31129.286
MinimumVisualStudioVersion = 10.0.40219.1
Project("{8BC9CEB8-8B4A-11D0-8D11-00A0C91BC942}") = "day13", "day13.vcxproj", "{709367C3-9F35-4B1E-9B56-5754CB329D74}"
EndProject
Global
	GlobalSection(SolutionConfigurationPlatforms) = preSolution
		Debug|x64 = Debug|x64
		Debug|x86 = Debug|x86
		Release|x64 = Release|x64
		Release|x86 = Release|x86
	EndGlobalSection
	GlobalSection(ProjectConfigurationPlatforms) = postSolution
		{709367C3-9F35-4B1E-9B56-5754CB329D74}.Debug|x64.ActiveCfg = Debug|x64
		{709367C3-9F35-4B1E-9B56-5754CB329D74}.Debug|x64.Build.0 = Debug|x64
		{709367C3-9F35-4B1E-9B56-5754CB329D74}.Debug|x86.ActiveCfg = Debug|Win32
		{709367C3-9F35-4B1E-9B56-5754CB329D74}.Debug|x86.Build.0 = Debug|Win32
		{709367C3-9F35-4B1E-9B56-5754CB329D74}.Release|x64.ActiveCfg = Release|x64
		{709367C3-9F35-4B1E-9B56-5754CB329D74}.Release|x64.Build.0 = Release|x64
		{709367C3-9F35-4B1E-9B56-5754CB329D74}.Release|x86.ActiveCfg = Release|Win32
		{709367C3-9F35-4B1E-9B56-5754CB329D74}.Release|x86.Build.0 = Release|Win32
	EndGlobalSection
	GlobalSection(SolutionProperties) = preSolution
		HideSolutionNode = FALSE
	EndGlobalSection
	GlobalSection(ExtensibilityGlobals) = postSolution
		SolutionGuid = {02F62B26-F121-43FB-84A3-CD393020F7A4}
	EndGlobalSection
EndGlobal
